version: 5
environments:
  default:
    channels:
    - url: https://conda.anaconda.org/conda-forge/
    indexes:
    - https://pypi.org/simple
    packages:
      win-64:
      - conda: https://conda.anaconda.org/conda-forge/win-64/bzip2-1.0.8-h2466b09_7.conda
      - conda: https://conda.anaconda.org/conda-forge/win-64/ca-certificates-2024.8.30-h56e8100_0.conda
      - conda: https://conda.anaconda.org/conda-forge/win-64/cmake-3.30.3-h400e5d1_0.conda
      - conda: https://conda.anaconda.org/conda-forge/win-64/glib-2.80.3-h7025463_2.conda
      - conda: https://conda.anaconda.org/conda-forge/win-64/glib-tools-2.80.3-h4394cf3_2.conda
      - conda: https://conda.anaconda.org/conda-forge/win-64/krb5-1.21.3-hdf4eb48_0.conda
      - conda: https://conda.anaconda.org/conda-forge/win-64/libcurl-8.10.0-h1ee3ff0_0.conda
      - conda: https://conda.anaconda.org/conda-forge/win-64/libexpat-2.6.3-he0c23c2_0.conda
      - conda: https://conda.anaconda.org/conda-forge/win-64/libffi-3.4.2-h8ffe710_5.tar.bz2
      - conda: https://conda.anaconda.org/conda-forge/win-64/libglib-2.80.3-h7025463_2.conda
      - conda: https://conda.anaconda.org/conda-forge/win-64/libiconv-1.17-hcfcfb64_2.conda
      - conda: https://conda.anaconda.org/conda-forge/win-64/libintl-0.22.5-h5728263_3.conda
      - conda: https://conda.anaconda.org/conda-forge/win-64/libintl-devel-0.22.5-h5728263_3.conda
      - conda: https://conda.anaconda.org/conda-forge/win-64/libsqlite-3.46.1-h2466b09_0.conda
      - conda: https://conda.anaconda.org/conda-forge/win-64/libssh2-1.11.0-h7dfc565_0.conda
      - conda: https://conda.anaconda.org/conda-forge/win-64/libuv-1.48.0-hcfcfb64_0.conda
      - conda: https://conda.anaconda.org/conda-forge/win-64/libzlib-1.3.1-h2466b09_1.conda
      - conda: https://conda.anaconda.org/conda-forge/noarch/meson-1.5.1-pyhd8ed1ab_1.conda
      - conda: https://conda.anaconda.org/conda-forge/win-64/ninja-1.12.1-hc790b64_0.conda
      - conda: https://conda.anaconda.org/conda-forge/win-64/openssl-3.3.2-h2466b09_0.conda
      - conda: https://conda.anaconda.org/conda-forge/noarch/packaging-24.1-pyhd8ed1ab_0.conda
      - conda: https://conda.anaconda.org/conda-forge/win-64/pcre2-10.44-h3d7b363_2.conda
      - conda: https://conda.anaconda.org/conda-forge/win-64/python-3.12.5-h889d299_0_cpython.conda
      - conda: https://conda.anaconda.org/conda-forge/noarch/setuptools-73.0.1-pyhd8ed1ab_0.conda
      - conda: https://conda.anaconda.org/conda-forge/win-64/tk-8.6.13-h5226925_1.conda
      - conda: https://conda.anaconda.org/conda-forge/noarch/tzdata-2024a-h8827d51_1.conda
      - conda: https://conda.anaconda.org/conda-forge/win-64/ucrt-10.0.22621.0-h57928b3_0.tar.bz2
      - conda: https://conda.anaconda.org/conda-forge/win-64/vc-14.3-h8a93ad2_21.conda
      - conda: https://conda.anaconda.org/conda-forge/win-64/vc14_runtime-14.40.33810-ha82c5b3_21.conda
      - conda: https://conda.anaconda.org/conda-forge/win-64/vs2015_runtime-14.40.33810-h3bf8584_21.conda
      - conda: https://conda.anaconda.org/conda-forge/win-64/xz-5.2.6-h8d14728_0.tar.bz2
      - conda: https://conda.anaconda.org/conda-forge/win-64/zstd-1.5.6-h0ea2cb4_0.conda
      - pypi: https://files.pythonhosted.org/packages/31/80/3a54838c3fb461f6fec263ebf3a3a41771bd05190238de3486aae8540c36/jinja2-3.1.4-py3-none-any.whl
      - pypi: https://files.pythonhosted.org/packages/3f/08/83871f3c50fc983b88547c196d11cf8c3340e37c32d2e9d6152abe2c61f7/Markdown-3.7-py3-none-any.whl
      - pypi: https://files.pythonhosted.org/packages/3f/14/c3554d512d5f9100a95e737502f4a2323a1959f6d0d01e0d0997b35f7b10/MarkupSafe-2.1.5-cp312-cp312-win_amd64.whl
      - pypi: https://files.pythonhosted.org/packages/f7/3f/01c8b82017c199075f8f788d0d906b9ffbbc5a47dc9918a945e13d5a2bda/pygments-2.18.0-py3-none-any.whl
      - pypi: https://files.pythonhosted.org/packages/da/ed/1da76d11aa858ee23dac5b52d9ac2db7df02b89f7679d5d8970bcd44b59c/smartypants-2.0.1-py2.py3-none-any.whl
      - pypi: https://files.pythonhosted.org/packages/8a/bf/64959d6187d42472acb846bcf462347c9124952c05bd57e5769d5f28f9a6/typogrify-2.0.7.tar.gz
      - pypi: .
packages:
- kind: conda
  name: bzip2
  version: 1.0.8
  build: h2466b09_7
  build_number: 7
  subdir: win-64
  url: https://conda.anaconda.org/conda-forge/win-64/bzip2-1.0.8-h2466b09_7.conda
  sha256: 35a5dad92e88fdd7fc405e864ec239486f4f31eec229e31686e61a140a8e573b
  md5: 276e7ffe9ffe39688abc665ef0f45596
  depends:
  - ucrt >=10.0.20348.0
  - vc >=14.2,<15
  - vc14_runtime >=14.29.30139
  license: bzip2-1.0.6
  license_family: BSD
  purls: []
  size: 54927
  timestamp: 1720974860185
- kind: conda
  name: ca-certificates
  version: 2024.8.30
  build: h56e8100_0
  subdir: win-64
  url: https://conda.anaconda.org/conda-forge/win-64/ca-certificates-2024.8.30-h56e8100_0.conda
  sha256: 0fcac3a7ffcc556649e034a1802aedf795e64227eaa7194d207b01eaf26454c4
  md5: 4c4fd67c18619be5aa65dc5b6c72e490
  license: ISC
  purls: []
  size: 158773
  timestamp: 1725019107649
- kind: conda
  name: cmake
  version: 3.30.3
  build: h400e5d1_0
  subdir: win-64
  url: https://conda.anaconda.org/conda-forge/win-64/cmake-3.30.3-h400e5d1_0.conda
  sha256: 3dea8f21ef22cc9895721c14311b6f32e7adb3392d336c036040d6f95ed2d1d2
  md5: 7030e7e9bb433f0631b34ee74b7fdbe8
  depends:
  - bzip2 >=1.0.8,<2.0a0
  - libcurl >=8.9.1,<9.0a0
  - libexpat >=2.6.2,<3.0a0
  - libuv >=1.48.0,<2.0a0
  - libzlib >=1.3.1,<2.0a0
  - ucrt >=10.0.20348.0
  - vc14_runtime >=14.29.30139
  - xz >=5.2.6,<6.0a0
  - zstd >=1.5.6,<1.6.0a0
  license: BSD-3-Clause
  license_family: BSD
  purls: []
  size: 14201039
  timestamp: 1725002281669
- kind: conda
  name: glib
  version: 2.80.3
  build: h7025463_2
  build_number: 2
  subdir: win-64
  url: https://conda.anaconda.org/conda-forge/win-64/glib-2.80.3-h7025463_2.conda
  sha256: bcc56ad2ebbf2aeec0cfd090b647dd9aa03d4ccb8373cb9e20e14fd7b544a868
  md5: 4ebfa8926666cec3e35c5d36cadf1300
  depends:
  - glib-tools 2.80.3 h4394cf3_2
  - libffi >=3.4,<4.0a0
  - libglib 2.80.3 h7025463_2
  - libintl >=0.22.5,<1.0a0
  - libintl-devel
  - packaging
  - python *
  - ucrt >=10.0.20348.0
  - vc >=14.2,<15
  - vc14_runtime >=14.29.30139
  license: LGPL-2.1-or-later
  purls: []
  size: 572862
  timestamp: 1723209506632
- kind: conda
  name: glib-tools
  version: 2.80.3
  build: h4394cf3_2
  build_number: 2
  subdir: win-64
  url: https://conda.anaconda.org/conda-forge/win-64/glib-tools-2.80.3-h4394cf3_2.conda
  sha256: 286e485ad6236820e801aa0dc8d7bd7136c90117a56e253174abcd964d886344
  md5: 74d89cea4821e638dd76a533019f3c35
  depends:
  - libglib 2.80.3 h7025463_2
  - libintl >=0.22.5,<1.0a0
  - ucrt >=10.0.20348.0
  - vc >=14.2,<15
  - vc14_runtime >=14.29.30139
  license: LGPL-2.1-or-later
  purls: []
  size: 94871
  timestamp: 1723209457216
- kind: pypi
  name: gtk
  version: 4.16.2
  path: .
  sha256: b9185832a135f51564403caac38716eab03c310c5da2390f1e34b94b71e42a49
  requires_dist:
  - meson~=1.0
  - jinja2>=3.1.4
  - markdown>=3.7
  - markupsafe>=2.1.5
  - packaging>=24.1
  - pygments>=2.18.0
  - typogrify>=2.0.7
  requires_python: '>=3.9'
  editable: true
- kind: pypi
  name: jinja2
  version: 3.1.4
  url: https://files.pythonhosted.org/packages/31/80/3a54838c3fb461f6fec263ebf3a3a41771bd05190238de3486aae8540c36/jinja2-3.1.4-py3-none-any.whl
  sha256: bc5dd2abb727a5319567b7a813e6a2e7318c39f4f487cfe6c89c6f9c7d25197d
  requires_dist:
  - markupsafe>=2.0
  - babel>=2.7 ; extra == 'i18n'
  requires_python: '>=3.7'
- kind: conda
  name: krb5
  version: 1.21.3
  build: hdf4eb48_0
  subdir: win-64
  url: https://conda.anaconda.org/conda-forge/win-64/krb5-1.21.3-hdf4eb48_0.conda
  sha256: 18e8b3430d7d232dad132f574268f56b3eb1a19431d6d5de8c53c29e6c18fa81
  md5: 31aec030344e962fbd7dbbbbd68e60a9
  depends:
  - openssl >=3.3.1,<4.0a0
  - ucrt >=10.0.20348.0
  - vc >=14.2,<15
  - vc14_runtime >=14.29.30139
  license: MIT
  license_family: MIT
  purls: []
  size: 712034
  timestamp: 1719463874284
- kind: conda
  name: libcurl
  version: 8.10.0
  build: h1ee3ff0_0
  subdir: win-64
  url: https://conda.anaconda.org/conda-forge/win-64/libcurl-8.10.0-h1ee3ff0_0.conda
  sha256: 2209a888bb1cdd82a359927efb6a949b8359d8e67edea2fcc29a32ce17214871
  md5: e5b4f3d5768b72716f05513d6fa02ba9
  depends:
  - krb5 >=1.21.3,<1.22.0a0
  - libssh2 >=1.11.0,<2.0a0
  - libzlib >=1.3.1,<2.0a0
  - ucrt >=10.0.20348.0
  - vc >=14.2,<15
  - vc14_runtime >=14.29.30139
  license: curl
  license_family: MIT
  purls: []
  size: 342210
  timestamp: 1726064608464
- kind: conda
  name: libexpat
  version: 2.6.3
  build: he0c23c2_0
  subdir: win-64
  url: https://conda.anaconda.org/conda-forge/win-64/libexpat-2.6.3-he0c23c2_0.conda
  sha256: 9543965d155b8da96fc67dd81705fe5c2571c7c00becc8de5534c850393d4e3c
  md5: 21415fbf4d0de6767a621160b43e5dea
  depends:
  - ucrt >=10.0.20348.0
  - vc >=14.2,<15
  - vc14_runtime >=14.29.30139
  constrains:
  - expat 2.6.3.*
  license: MIT
  license_family: MIT
  purls: []
  size: 138992
  timestamp: 1725569106114
- kind: conda
  name: libffi
  version: 3.4.2
  build: h8ffe710_5
  build_number: 5
  subdir: win-64
  url: https://conda.anaconda.org/conda-forge/win-64/libffi-3.4.2-h8ffe710_5.tar.bz2
  sha256: 1951ab740f80660e9bc07d2ed3aefb874d78c107264fd810f24a1a6211d4b1a5
  md5: 2c96d1b6915b408893f9472569dee135
  depends:
  - vc >=14.1,<15.0a0
  - vs2015_runtime >=14.16.27012
  license: MIT
  license_family: MIT
  purls: []
  size: 42063
  timestamp: 1636489106777
- kind: conda
  name: libglib
  version: 2.80.3
  build: h7025463_2
  build_number: 2
  subdir: win-64
  url: https://conda.anaconda.org/conda-forge/win-64/libglib-2.80.3-h7025463_2.conda
  sha256: 1461eb3b10814630acd1f3a11fc47dbb81c46a4f1f32ed389e3ae050a09c4903
  md5: b60894793e7e4a555027bfb4e4ed1d54
  depends:
  - libffi >=3.4,<4.0a0
  - libiconv >=1.17,<2.0a0
  - libintl >=0.22.5,<1.0a0
  - libzlib >=1.3.1,<2.0a0
  - pcre2 >=10.44,<10.45.0a0
  - ucrt >=10.0.20348.0
  - vc >=14.2,<15
  - vc14_runtime >=14.29.30139
  constrains:
  - glib 2.80.3 *_2
  license: LGPL-2.1-or-later
  purls: []
  size: 3726738
  timestamp: 1723209368854
- kind: conda
  name: libiconv
  version: '1.17'
  build: hcfcfb64_2
  build_number: 2
  subdir: win-64
  url: https://conda.anaconda.org/conda-forge/win-64/libiconv-1.17-hcfcfb64_2.conda
  sha256: 5f844dd19b046d43174ad80c6ea75b5d504020e3b63cfbc4ace97b8730d35c7b
  md5: e1eb10b1cca179f2baa3601e4efc8712
  depends:
  - ucrt >=10.0.20348.0
  - vc >=14.2,<15
  - vc14_runtime >=14.29.30139
  license: LGPL-2.1-only
  purls: []
  size: 636146
  timestamp: 1702682547199
- kind: conda
  name: libintl
  version: 0.22.5
  build: h5728263_3
  build_number: 3
  subdir: win-64
  url: https://conda.anaconda.org/conda-forge/win-64/libintl-0.22.5-h5728263_3.conda
  sha256: c7e4600f28bcada8ea81456a6530c2329312519efcf0c886030ada38976b0511
  md5: 2cf0cf76cc15d360dfa2f17fd6cf9772
  depends:
  - libiconv >=1.17,<2.0a0
  license: LGPL-2.1-or-later
  purls: []
  size: 95568
  timestamp: 1723629479451
- kind: conda
  name: libintl-devel
  version: 0.22.5
  build: h5728263_3
  build_number: 3
  subdir: win-64
  url: https://conda.anaconda.org/conda-forge/win-64/libintl-devel-0.22.5-h5728263_3.conda
  sha256: be1f3c48bc750bca7e68955d57180dfd826d6f9fa7eb32994f6cb61b813f9a6a
  md5: 7537784e9e35399234d4007f45cdb744
  depends:
  - libiconv >=1.17,<2.0a0
  - libintl 0.22.5 h5728263_3
  license: LGPL-2.1-or-later
  purls: []
  size: 40746
  timestamp: 1723629745649
- kind: conda
  name: libsqlite
  version: 3.46.1
  build: h2466b09_0
  subdir: win-64
  url: https://conda.anaconda.org/conda-forge/win-64/libsqlite-3.46.1-h2466b09_0.conda
  sha256: ef83f90961630bc54a95e48062b05cf9c9173a822ea01784288029613a45eea4
  md5: 8a7c1ad01f58623bfbae8d601db7cf3b
  depends:
  - ucrt >=10.0.20348.0
  - vc >=14.2,<15
  - vc14_runtime >=14.29.30139
  license: Unlicense
  purls: []
  size: 876666
  timestamp: 1725354171439
- kind: conda
  name: libssh2
  version: 1.11.0
  build: h7dfc565_0
  subdir: win-64
  url: https://conda.anaconda.org/conda-forge/win-64/libssh2-1.11.0-h7dfc565_0.conda
  sha256: 813fd04eed2a2d5d9c36e53c554f9c1f08e9324e2922bd60c9c52dbbed2dbcec
  md5: dc262d03aae04fe26825062879141a41
  depends:
  - libzlib >=1.2.13,<2.0.0a0
  - openssl >=3.1.1,<4.0a0
  - ucrt >=10.0.20348.0
  - vc >=14.2,<15
  - vc14_runtime >=14.29.30139
  license: BSD-3-Clause
  license_family: BSD
  purls: []
  size: 266806
  timestamp: 1685838242099
- kind: conda
  name: libuv
  version: 1.48.0
  build: hcfcfb64_0
  subdir: win-64
  url: https://conda.anaconda.org/conda-forge/win-64/libuv-1.48.0-hcfcfb64_0.conda
  sha256: 6151c51857c2407139ce22fdc956022353e675b2bc96991a9201d51cceaa90b4
  md5: 485e49e1d500d996844df14cabf64d73
  depends:
  - ucrt >=10.0.20348.0
  - vc >=14.2,<15
  - vc14_runtime >=14.29.30139
  license: MIT
  license_family: MIT
  purls: []
  size: 289753
  timestamp: 1709913743184
- kind: conda
  name: libzlib
  version: 1.3.1
  build: h2466b09_1
  build_number: 1
  subdir: win-64
  url: https://conda.anaconda.org/conda-forge/win-64/libzlib-1.3.1-h2466b09_1.conda
  sha256: b13846a54a15243e15f96fec06b526d8155adc6a1ac2b6ed47a88f6a71a94b68
  md5: d4483ca8afc57ddf1f6dded53b36c17f
  depends:
  - ucrt >=10.0.20348.0
  - vc >=14.2,<15
  - vc14_runtime >=14.29.30139
  constrains:
  - zlib 1.3.1 *_1
  license: Zlib
  license_family: Other
  purls: []
  size: 56186
  timestamp: 1716874730539
- kind: pypi
  name: markdown
  version: '3.7'
  url: https://files.pythonhosted.org/packages/3f/08/83871f3c50fc983b88547c196d11cf8c3340e37c32d2e9d6152abe2c61f7/Markdown-3.7-py3-none-any.whl
  sha256: 7eb6df5690b81a1d7942992c97fad2938e956e79df20cbc6186e9c3a77b1c803
  requires_dist:
  - importlib-metadata>=4.4 ; python_full_version < '3.10'
  - mkdocs>=1.5 ; extra == 'docs'
  - mkdocs-nature>=0.6 ; extra == 'docs'
  - mdx-gh-links>=0.2 ; extra == 'docs'
  - mkdocstrings[python] ; extra == 'docs'
  - mkdocs-gen-files ; extra == 'docs'
  - mkdocs-section-index ; extra == 'docs'
  - mkdocs-literate-nav ; extra == 'docs'
  - coverage ; extra == 'testing'
  - pyyaml ; extra == 'testing'
  requires_python: '>=3.8'
- kind: pypi
  name: markupsafe
  version: 2.1.5
  url: https://files.pythonhosted.org/packages/3f/14/c3554d512d5f9100a95e737502f4a2323a1959f6d0d01e0d0997b35f7b10/MarkupSafe-2.1.5-cp312-cp312-win_amd64.whl
  sha256: 823b65d8706e32ad2df51ed89496147a42a2a6e01c13cfb6ffb8b1e92bc910bb
  requires_python: '>=3.7'
- kind: conda
  name: meson
  version: 1.5.1
  build: pyhd8ed1ab_1
  build_number: 1
  subdir: noarch
  noarch: python
  url: https://conda.anaconda.org/conda-forge/noarch/meson-1.5.1-pyhd8ed1ab_1.conda
  sha256: c7931432d4987face4c587956b6328126ee53056abccb5fdcb562cc3f60188d9
  md5: 979087ee59bea1355f991a3b738af64e
  depends:
  - ninja >=1.8.2
  - python >=3.7
  - setuptools
  license: Apache-2.0
  license_family: APACHE
  purls:
  - pkg:pypi/meson?source=hash-mapping
  size: 650726
  timestamp: 1722578284258
- kind: conda
  name: ninja
  version: 1.12.1
  build: hc790b64_0
  subdir: win-64
  url: https://conda.anaconda.org/conda-forge/win-64/ninja-1.12.1-hc790b64_0.conda
  sha256: b821cb72cb3ef08fab90a9bae899510e6cf3c23b5da6070d1ec30099dfe6a5be
  md5: a557dde55343e03c68cd7e29e7f87279
  depends:
  - ucrt >=10.0.20348.0
  - vc >=14.2,<15
  - vc14_runtime >=14.29.30139
  license: Apache-2.0
  license_family: Apache
  purls: []
  size: 285150
  timestamp: 1715441052517
- kind: conda
  name: openssl
  version: 3.3.2
  build: h2466b09_0
  subdir: win-64
  url: https://conda.anaconda.org/conda-forge/win-64/openssl-3.3.2-h2466b09_0.conda
  sha256: a45c42f3577294e22ac39ddb6ef5a64fd5322e8a6725afefbf4f2b4109340bf9
  md5: 1dc86753693df5e3326bb8a85b74c589
  depends:
  - ca-certificates
  - ucrt >=10.0.20348.0
  - vc >=14.2,<15
  - vc14_runtime >=14.29.30139
  license: Apache-2.0
  license_family: Apache
  purls: []
  size: 8396053
  timestamp: 1725412961673
- kind: conda
  name: packaging
  version: '24.1'
  build: pyhd8ed1ab_0
  subdir: noarch
  noarch: python
  url: https://conda.anaconda.org/conda-forge/noarch/packaging-24.1-pyhd8ed1ab_0.conda
  sha256: 36aca948219e2c9fdd6d80728bcc657519e02f06c2703d8db3446aec67f51d81
  md5: cbe1bb1f21567018ce595d9c2be0f0db
  depends:
  - python >=3.8
  license: Apache-2.0
  license_family: APACHE
  purls:
  - pkg:pypi/packaging?source=hash-mapping
  size: 50290
  timestamp: 1718189540074
- kind: conda
  name: pcre2
  version: '10.44'
  build: h3d7b363_2
  build_number: 2
  subdir: win-64
  url: https://conda.anaconda.org/conda-forge/win-64/pcre2-10.44-h3d7b363_2.conda
  sha256: f4a12cbf8a7c5bfa2592b9dc92b492c438781898e5b02f397979b0be6e1b5851
  md5: a3a3baddcfb8c80db84bec3cb7746fb8
  depends:
  - bzip2 >=1.0.8,<2.0a0
  - libzlib >=1.3.1,<2.0a0
  - ucrt >=10.0.20348.0
  - vc >=14.2,<15
  - vc14_runtime >=14.29.30139
  license: BSD-3-Clause
  license_family: BSD
  purls: []
  size: 820831
  timestamp: 1723489427046
- kind: pypi
  name: pygments
  version: 2.18.0
  url: https://files.pythonhosted.org/packages/f7/3f/01c8b82017c199075f8f788d0d906b9ffbbc5a47dc9918a945e13d5a2bda/pygments-2.18.0-py3-none-any.whl
  sha256: b8e6aca0523f3ab76fee51799c488e38782ac06eafcf95e7ba832985c8e7b13a
  requires_dist:
  - colorama>=0.4.6 ; extra == 'windows-terminal'
  requires_python: '>=3.8'
- kind: conda
  name: python
  version: 3.12.5
  build: h889d299_0_cpython
  subdir: win-64
  url: https://conda.anaconda.org/conda-forge/win-64/python-3.12.5-h889d299_0_cpython.conda
  sha256: 4cef304eb8877fd3094c14b57097ccc1b817b4afbf2223dd45d2b61e44064740
  md5: db056d8b140ab2edd56a2f9bdb203dcd
  depends:
  - bzip2 >=1.0.8,<2.0a0
  - libexpat >=2.6.2,<3.0a0
  - libffi >=3.4,<4.0a0
  - libsqlite >=3.46.0,<4.0a0
  - libzlib >=1.3.1,<2.0a0
  - openssl >=3.3.1,<4.0a0
  - tk >=8.6.13,<8.7.0a0
  - tzdata
  - ucrt >=10.0.20348.0
  - vc >=14.2,<15
  - vc14_runtime >=14.29.30139
  - xz >=5.2.6,<6.0a0
  constrains:
  - python_abi 3.12.* *_cp312
  license: Python-2.0
  purls: []
  size: 15897752
  timestamp: 1723141830317
- kind: conda
  name: setuptools
  version: 73.0.1
  build: pyhd8ed1ab_0
  subdir: noarch
  noarch: python
  url: https://conda.anaconda.org/conda-forge/noarch/setuptools-73.0.1-pyhd8ed1ab_0.conda
  sha256: c9f5e110e3fe5a7c4cd5b9da445c05a1fae000b43ab3a97cb6a501f4267515fc
  md5: f0b618d7673d1b2464f600b34d912f6f
  depends:
  - python >=3.8
  license: MIT
  license_family: MIT
  purls:
  - pkg:pypi/setuptools?source=compressed-mapping
  size: 1460460
  timestamp: 1725348602179
- kind: pypi
  name: smartypants
  version: 2.0.1
  url: https://files.pythonhosted.org/packages/da/ed/1da76d11aa858ee23dac5b52d9ac2db7df02b89f7679d5d8970bcd44b59c/smartypants-2.0.1-py2.py3-none-any.whl
  sha256: 8db97f7cbdf08d15b158a86037cd9e116b4cf37703d24e0419a0d64ca5808f0d
- kind: conda
  name: tk
  version: 8.6.13
  build: h5226925_1
  build_number: 1
  subdir: win-64
  url: https://conda.anaconda.org/conda-forge/win-64/tk-8.6.13-h5226925_1.conda
  sha256: 2c4e914f521ccb2718946645108c9bd3fc3216ba69aea20c2c3cedbd8db32bb1
  md5: fc048363eb8f03cd1737600a5d08aafe
  depends:
  - ucrt >=10.0.20348.0
  - vc >=14.2,<15
  - vc14_runtime >=14.29.30139
  license: TCL
  license_family: BSD
  purls: []
  size: 3503410
  timestamp: 1699202577803
- kind: pypi
  name: typogrify
  version: 2.0.7
  url: https://files.pythonhosted.org/packages/8a/bf/64959d6187d42472acb846bcf462347c9124952c05bd57e5769d5f28f9a6/typogrify-2.0.7.tar.gz
  sha256: 8be4668cda434163ce229d87ca273a11922cb1614cb359970b7dc96eed13cb38
  requires_dist:
  - smartypants>=1.8.3
- kind: conda
  name: tzdata
  version: 2024a
  build: h8827d51_1
  build_number: 1
  subdir: noarch
  noarch: generic
  url: https://conda.anaconda.org/conda-forge/noarch/tzdata-2024a-h8827d51_1.conda
  sha256: 7d21c95f61319dba9209ca17d1935e6128af4235a67ee4e57a00908a1450081e
  md5: 8bfdead4e0fff0383ae4c9c50d0531bd
  license: LicenseRef-Public-Domain
  purls: []
  size: 124164
  timestamp: 1724736371498
- kind: conda
  name: ucrt
  version: 10.0.22621.0
  build: h57928b3_0
  subdir: win-64
  url: https://conda.anaconda.org/conda-forge/win-64/ucrt-10.0.22621.0-h57928b3_0.tar.bz2
  sha256: f29cdaf8712008f6b419b8b1a403923b00ab2504bfe0fb2ba8eb60e72d4f14c6
  md5: 72608f6cd3e5898229c3ea16deb1ac43
  constrains:
  - vs2015_runtime >=14.29.30037
  license: LicenseRef-Proprietary
  license_family: PROPRIETARY
  purls: []
  size: 1283972
  timestamp: 1666630199266
- kind: conda
  name: vc
  version: '14.3'
  build: h8a93ad2_21
  build_number: 21
  subdir: win-64
  url: https://conda.anaconda.org/conda-forge/win-64/vc-14.3-h8a93ad2_21.conda
  sha256: f14f5238c2e2516e292af43d91df88f212d769b4853eb46d03291793dcf00da9
  md5: e632a9b865d4b653aa656c9fb4f4817c
  depends:
  - vc14_runtime >=14.40.33810
  track_features:
  - vc14
  license: BSD-3-Clause
  license_family: BSD
  purls: []
  size: 17243
  timestamp: 1725984095174
- kind: conda
  name: vc14_runtime
  version: 14.40.33810
  build: ha82c5b3_21
  build_number: 21
  subdir: win-64
  url: https://conda.anaconda.org/conda-forge/win-64/vc14_runtime-14.40.33810-ha82c5b3_21.conda
  sha256: c3bf51bff7db39ad7e890dbef1b1026df0af36975aea24dea7c5fe1e0b382c40
  md5: b3ebb670caf046e32b835fbda056c4f9
  depends:
  - ucrt >=10.0.20348.0
  constrains:
  - vs2015_runtime 14.40.33810.* *_21
  license: LicenseRef-ProprietaryMicrosoft
  license_family: Proprietary
  purls: []
  size: 751757
  timestamp: 1725984166774
- kind: conda
  name: vs2015_runtime
  version: 14.40.33810
  build: h3bf8584_21
  build_number: 21
  subdir: win-64
  url: https://conda.anaconda.org/conda-forge/win-64/vs2015_runtime-14.40.33810-h3bf8584_21.conda
  sha256: 472410455c381e406ec8c1d3e0342b48ee23122ef7ffb22a09d9763ca5df4d20
  md5: b3f37db7b7ae1c22600fa26a63ed99b3
  depends:
  - vc14_runtime >=14.40.33810
  license: BSD-3-Clause
  license_family: BSD
  purls: []
  size: 17241
  timestamp: 1725984096440
- kind: conda
  name: xz
  version: 5.2.6
  build: h8d14728_0
  subdir: win-64
  url: https://conda.anaconda.org/conda-forge/win-64/xz-5.2.6-h8d14728_0.tar.bz2
  sha256: 54d9778f75a02723784dc63aff4126ff6e6749ba21d11a6d03c1f4775f269fe0
  md5: 515d77642eaa3639413c6b1bc3f94219
  depends:
  - vc >=14.1,<15
  - vs2015_runtime >=14.16.27033
  license: LGPL-2.1 and GPL-2.0
  purls: []
  size: 217804
  timestamp: 1660346976440
- kind: conda
  name: zstd
  version: 1.5.6
  build: h0ea2cb4_0
  subdir: win-64
  url: https://conda.anaconda.org/conda-forge/win-64/zstd-1.5.6-h0ea2cb4_0.conda
  sha256: 768e30dc513568491818fb068ee867c57c514b553915536da09e5d10b4ebf3c3
  md5: 9a17230f95733c04dc40a2b1e5491d74
  depends:
  - libzlib >=1.2.13,<2.0.0a0
  - ucrt >=10.0.20348.0
  - vc >=14.2,<15
  - vc14_runtime >=14.29.30139
  license: BSD-3-Clause
  license_family: BSD
  purls: []
  size: 349143
  timestamp: 1714723445995
