version: 5
environments:
  default:
    channels:
    - url: https://conda.anaconda.org/conda-forge/
    indexes:
    - https://pypi.org/simple
    packages:
      win-64:
      - conda: https://conda.anaconda.org/conda-forge/win-64/7zip-23.01-h91493d7_2.conda
      - conda: https://conda.anaconda.org/conda-forge/noarch/aniso8601-9.0.1-pyhd8ed1ab_0.tar.bz2
      - conda: https://conda.anaconda.org/conda-forge/win-64/bzip2-1.0.8-h2466b09_7.conda
      - conda: https://conda.anaconda.org/conda-forge/win-64/ca-certificates-2024.8.30-h56e8100_0.conda
      - conda: https://conda.anaconda.org/conda-forge/win-64/cairo-1.18.0-h32b962e_3.conda
      - conda: https://conda.anaconda.org/conda-forge/win-64/cmake-3.30.3-h400e5d1_0.conda
      - conda: https://conda.anaconda.org/conda-forge/win-64/curl-8.10.0-h1ee3ff0_0.conda
      - conda: https://conda.anaconda.org/conda-forge/win-64/expat-2.6.3-he0c23c2_0.conda
      - conda: https://conda.anaconda.org/conda-forge/noarch/font-ttf-dejavu-sans-mono-2.37-hab24e00_0.tar.bz2
      - conda: https://conda.anaconda.org/conda-forge/noarch/font-ttf-inconsolata-3.000-h77eed37_0.tar.bz2
      - conda: https://conda.anaconda.org/conda-forge/noarch/font-ttf-source-code-pro-2.038-h77eed37_0.tar.bz2
      - conda: https://conda.anaconda.org/conda-forge/noarch/font-ttf-ubuntu-0.83-h77eed37_2.conda
      - conda: https://conda.anaconda.org/conda-forge/win-64/fontconfig-2.14.2-hbde0cde_0.conda
      - conda: https://conda.anaconda.org/conda-forge/noarch/fonts-conda-ecosystem-1-0.tar.bz2
      - conda: https://conda.anaconda.org/conda-forge/noarch/fonts-conda-forge-1-0.tar.bz2
      - conda: https://conda.anaconda.org/conda-forge/win-64/freetype-2.12.1-hdaf720e_2.conda
      - conda: https://conda.anaconda.org/conda-forge/win-64/git-2.46.0-h57928b3_0.conda
      - conda: https://conda.anaconda.org/conda-forge/win-64/glib-2.80.3-h7025463_2.conda
      - conda: https://conda.anaconda.org/conda-forge/win-64/glib-tools-2.80.3-h4394cf3_2.conda
      - conda: https://conda.anaconda.org/conda-forge/noarch/graphene-3.3-pyhd8ed1ab_0.conda
      - conda: https://conda.anaconda.org/conda-forge/noarch/graphql-core-3.2.4-pyhd8ed1ab_0.conda
      - conda: https://conda.anaconda.org/conda-forge/noarch/graphql-relay-3.2.0-pyhd8ed1ab_0.tar.bz2
      - conda: https://conda.anaconda.org/conda-forge/win-64/gstreamer-1.24.7-h5006eae_0.conda
      - conda: https://conda.anaconda.org/conda-forge/win-64/gtest-1.15.2-hc790b64_0.conda
      - conda: https://conda.anaconda.org/conda-forge/win-64/icu-75.1-he0c23c2_0.conda
      - conda: https://conda.anaconda.org/conda-forge/win-64/krb5-1.21.3-hdf4eb48_0.conda
      - conda: https://conda.anaconda.org/conda-forge/win-64/libcurl-8.10.0-h1ee3ff0_0.conda
      - conda: https://conda.anaconda.org/conda-forge/win-64/libexpat-2.6.3-he0c23c2_0.conda
      - conda: https://conda.anaconda.org/conda-forge/win-64/libffi-3.4.2-h8ffe710_5.tar.bz2
      - conda: https://conda.anaconda.org/conda-forge/win-64/libglib-2.80.3-h7025463_2.conda
      - conda: https://conda.anaconda.org/conda-forge/win-64/libiconv-1.17-hcfcfb64_2.conda
      - conda: https://conda.anaconda.org/conda-forge/win-64/libintl-0.22.5-h5728263_3.conda
      - conda: https://conda.anaconda.org/conda-forge/win-64/libintl-devel-0.22.5-h5728263_3.conda
      - conda: https://conda.anaconda.org/conda-forge/win-64/libpng-1.6.44-h3ca93ac_0.conda
      - conda: https://conda.anaconda.org/conda-forge/win-64/libsqlite-3.46.1-h2466b09_0.conda
      - conda: https://conda.anaconda.org/conda-forge/win-64/libssh2-1.11.0-h7dfc565_0.conda
      - conda: https://conda.anaconda.org/conda-forge/win-64/libuv-1.48.0-hcfcfb64_0.conda
      - conda: https://conda.anaconda.org/conda-forge/win-64/libzlib-1.3.1-h2466b09_1.conda
      - conda: https://conda.anaconda.org/conda-forge/noarch/meson-1.5.1-pyhd8ed1ab_1.conda
      - conda: https://conda.anaconda.org/conda-forge/win-64/ninja-1.12.1-hc790b64_0.conda
      - conda: https://conda.anaconda.org/conda-forge/win-64/openssl-3.3.2-h2466b09_0.conda
      - conda: https://conda.anaconda.org/conda-forge/noarch/packaging-24.1-pyhd8ed1ab_0.conda
      - conda: https://conda.anaconda.org/conda-forge/win-64/pcre2-10.44-h3d7b363_2.conda
      - conda: https://conda.anaconda.org/conda-forge/win-64/pixman-0.43.4-h63175ca_0.conda
      - conda: https://conda.anaconda.org/conda-forge/win-64/pkgconf-2.3.0-h2466b09_0.conda
      - conda: https://conda.anaconda.org/conda-forge/win-64/python-3.10.14-h4de0772_0_cpython.conda
      - conda: https://conda.anaconda.org/conda-forge/noarch/python-dateutil-2.9.0-pyhd8ed1ab_0.conda
      - conda: https://conda.anaconda.org/conda-forge/win-64/python_abi-3.10-5_cp310.conda
      - conda: https://conda.anaconda.org/conda-forge/noarch/setuptools-73.0.1-pyhd8ed1ab_0.conda
      - conda: https://conda.anaconda.org/conda-forge/noarch/six-1.16.0-pyh6c4a22f_0.tar.bz2
      - conda: https://conda.anaconda.org/conda-forge/win-64/tk-8.6.13-h5226925_1.conda
      - conda: https://conda.anaconda.org/conda-forge/noarch/typing_extensions-4.12.2-pyha770c72_0.conda
      - conda: https://conda.anaconda.org/conda-forge/noarch/tzdata-2024a-h8827d51_1.conda
      - conda: https://conda.anaconda.org/conda-forge/win-64/ucrt-10.0.22621.0-h57928b3_0.tar.bz2
      - conda: https://conda.anaconda.org/conda-forge/win-64/vc-14.3-h8a93ad2_21.conda
      - conda: https://conda.anaconda.org/conda-forge/win-64/vc14_runtime-14.40.33810-ha82c5b3_21.conda
      - conda: https://conda.anaconda.org/conda-forge/win-64/vcpkg-2023.04.15-h57928b3_2.conda
      - conda: https://conda.anaconda.org/conda-forge/win-64/vcpkg-tool-2023.03.14-h91bfe4b_0.conda
      - conda: https://conda.anaconda.org/conda-forge/win-64/vs2015_runtime-14.40.33810-h3bf8584_21.conda
      - conda: https://conda.anaconda.org/conda-forge/win-64/xz-5.2.6-h8d14728_0.tar.bz2
      - conda: https://conda.anaconda.org/conda-forge/win-64/zlib-1.3.1-h2466b09_1.conda
      - conda: https://conda.anaconda.org/conda-forge/win-64/zstd-1.5.6-h0ea2cb4_0.conda
      - pypi: https://files.pythonhosted.org/packages/31/80/3a54838c3fb461f6fec263ebf3a3a41771bd05190238de3486aae8540c36/jinja2-3.1.4-py3-none-any.whl
      - pypi: https://files.pythonhosted.org/packages/3f/08/83871f3c50fc983b88547c196d11cf8c3340e37c32d2e9d6152abe2c61f7/Markdown-3.7-py3-none-any.whl
      - pypi: https://files.pythonhosted.org/packages/69/48/acbf292615c65f0604a0c6fc402ce6d8c991276e16c80c46a8f758fbd30c/MarkupSafe-2.1.5-cp310-cp310-win_amd64.whl
      - pypi: https://files.pythonhosted.org/packages/f7/3f/01c8b82017c199075f8f788d0d906b9ffbbc5a47dc9918a945e13d5a2bda/pygments-2.18.0-py3-none-any.whl
      - pypi: https://files.pythonhosted.org/packages/da/ed/1da76d11aa858ee23dac5b52d9ac2db7df02b89f7679d5d8970bcd44b59c/smartypants-2.0.1-py2.py3-none-any.whl
      - pypi: https://files.pythonhosted.org/packages/8a/bf/64959d6187d42472acb846bcf462347c9124952c05bd57e5769d5f28f9a6/typogrify-2.0.7.tar.gz
      - pypi: .
packages:
- kind: conda
  name: 7zip
  version: '23.01'
  build: h91493d7_2
  build_number: 2
  subdir: win-64
  url: https://conda.anaconda.org/conda-forge/win-64/7zip-23.01-h91493d7_2.conda
  sha256: 87da8933583b6857d2e3aa30eb908b8ba74ee923da46a32ae32aff17d8d58f62
  md5: 193436845a611de4b39fd871746f13ef
  depends:
  - ucrt >=10.0.20348.0
  - vc >=14.2,<15
  - vc14_runtime >=14.29.30139
  constrains:
  - 7za <0.0.0a
  license: LGPL-2.1-or-later AND LGPL-2.1-or-later WITH unRAR-restriction
  purls: []
  size: 1092853
  timestamp: 1709106869574
- kind: conda
  name: aniso8601
  version: 9.0.1
  build: pyhd8ed1ab_0
  subdir: noarch
  noarch: python
  url: https://conda.anaconda.org/conda-forge/noarch/aniso8601-9.0.1-pyhd8ed1ab_0.tar.bz2
  sha256: 201c040b6ee0045805a777f75f37a8648eb8dfd4725d62a4fcddc24d7d6c2a9f
  md5: 36fba1a639f2d24723c5480345b78553
  depends:
  - python >=2.7
  - python-dateutil
  license: BSD-3-Clause
  license_family: BSD
  purls:
  - pkg:pypi/aniso8601?source=hash-mapping
  size: 38716
  timestamp: 1618789622646
- kind: conda
  name: bzip2
  version: 1.0.8
  build: h2466b09_7
  build_number: 7
  subdir: win-64
  url: https://conda.anaconda.org/conda-forge/win-64/bzip2-1.0.8-h2466b09_7.conda
  sha256: 35a5dad92e88fdd7fc405e864ec239486f4f31eec229e31686e61a140a8e573b
  md5: 276e7ffe9ffe39688abc665ef0f45596
  depends:
  - ucrt >=10.0.20348.0
  - vc >=14.2,<15
  - vc14_runtime >=14.29.30139
  license: bzip2-1.0.6
  license_family: BSD
  purls: []
  size: 54927
  timestamp: 1720974860185
- kind: conda
  name: ca-certificates
  version: 2024.8.30
  build: h56e8100_0
  subdir: win-64
  url: https://conda.anaconda.org/conda-forge/win-64/ca-certificates-2024.8.30-h56e8100_0.conda
  sha256: 0fcac3a7ffcc556649e034a1802aedf795e64227eaa7194d207b01eaf26454c4
  md5: 4c4fd67c18619be5aa65dc5b6c72e490
  license: ISC
  purls: []
  size: 158773
  timestamp: 1725019107649
- kind: conda
  name: cairo
  version: 1.18.0
  build: h32b962e_3
  build_number: 3
  subdir: win-64
  url: https://conda.anaconda.org/conda-forge/win-64/cairo-1.18.0-h32b962e_3.conda
  sha256: 127101c9c2d1a56f8791c19141ceff13fd1d1a1da28cfaca549dc99d210cec6a
  md5: 8f43723a4925c51e55c2d81725a97db4
  depends:
  - fontconfig >=2.14.2,<3.0a0
  - fonts-conda-ecosystem
  - freetype >=2.12.1,<3.0a0
  - icu >=75.1,<76.0a0
  - libglib >=2.80.3,<3.0a0
  - libpng >=1.6.43,<1.7.0a0
  - libzlib >=1.3.1,<2.0a0
  - pixman >=0.43.4,<1.0a0
  - ucrt >=10.0.20348.0
  - vc >=14.2,<15
  - vc14_runtime >=14.29.30139
  - zlib
  license: LGPL-2.1-only or MPL-1.1
  purls: []
  size: 1516680
  timestamp: 1721139332360
- kind: conda
  name: cmake
  version: 3.30.3
  build: h400e5d1_0
  subdir: win-64
  url: https://conda.anaconda.org/conda-forge/win-64/cmake-3.30.3-h400e5d1_0.conda
  sha256: 3dea8f21ef22cc9895721c14311b6f32e7adb3392d336c036040d6f95ed2d1d2
  md5: 7030e7e9bb433f0631b34ee74b7fdbe8
  depends:
  - bzip2 >=1.0.8,<2.0a0
  - libcurl >=8.9.1,<9.0a0
  - libexpat >=2.6.2,<3.0a0
  - libuv >=1.48.0,<2.0a0
  - libzlib >=1.3.1,<2.0a0
  - ucrt >=10.0.20348.0
  - vc14_runtime >=14.29.30139
  - xz >=5.2.6,<6.0a0
  - zstd >=1.5.6,<1.6.0a0
  license: BSD-3-Clause
  license_family: BSD
  purls: []
  size: 14201039
  timestamp: 1725002281669
- kind: conda
  name: curl
  version: 8.10.0
  build: h1ee3ff0_0
  subdir: win-64
  url: https://conda.anaconda.org/conda-forge/win-64/curl-8.10.0-h1ee3ff0_0.conda
  sha256: fe3666569bab88494a3e12dd7e891ebd789b9b812bcd338205ca720ebab1a1ec
  md5: f868f9660edcb8386c20a849e54c7bb9
  depends:
  - krb5 >=1.21.3,<1.22.0a0
  - libcurl 8.10.0 h1ee3ff0_0
  - libssh2 >=1.11.0,<2.0a0
  - libzlib >=1.3.1,<2.0a0
  - ucrt >=10.0.20348.0
  - vc >=14.2,<15
  - vc14_runtime >=14.29.30139
  license: curl
  license_family: MIT
  purls: []
  size: 160644
  timestamp: 1726064627884
- kind: conda
  name: expat
  version: 2.6.3
  build: he0c23c2_0
  subdir: win-64
  url: https://conda.anaconda.org/conda-forge/win-64/expat-2.6.3-he0c23c2_0.conda
  sha256: 627651a36fe659ce08d79e8bcad00dc5fc35c6e63eb51e5d15a30a7605251998
  md5: a85588222941f75577eb39711058e1de
  depends:
  - libexpat 2.6.3 he0c23c2_0
  - ucrt >=10.0.20348.0
  - vc >=14.2,<15
  - vc14_runtime >=14.29.30139
  license: MIT
  license_family: MIT
  purls: []
  size: 230615
  timestamp: 1725569133557
- kind: conda
  name: font-ttf-dejavu-sans-mono
  version: '2.37'
  build: hab24e00_0
  subdir: noarch
  noarch: generic
  url: https://conda.anaconda.org/conda-forge/noarch/font-ttf-dejavu-sans-mono-2.37-hab24e00_0.tar.bz2
  sha256: 58d7f40d2940dd0a8aa28651239adbf5613254df0f75789919c4e6762054403b
  md5: 0c96522c6bdaed4b1566d11387caaf45
  license: BSD-3-Clause
  license_family: BSD
  purls: []
  size: 397370
  timestamp: 1566932522327
- kind: conda
  name: font-ttf-inconsolata
  version: '3.000'
  build: h77eed37_0
  subdir: noarch
  noarch: generic
  url: https://conda.anaconda.org/conda-forge/noarch/font-ttf-inconsolata-3.000-h77eed37_0.tar.bz2
  sha256: c52a29fdac682c20d252facc50f01e7c2e7ceac52aa9817aaf0bb83f7559ec5c
  md5: 34893075a5c9e55cdafac56607368fc6
  license: OFL-1.1
  license_family: Other
  purls: []
  size: 96530
  timestamp: 1620479909603
- kind: conda
  name: font-ttf-source-code-pro
  version: '2.038'
  build: h77eed37_0
  subdir: noarch
  noarch: generic
  url: https://conda.anaconda.org/conda-forge/noarch/font-ttf-source-code-pro-2.038-h77eed37_0.tar.bz2
  sha256: 00925c8c055a2275614b4d983e1df637245e19058d79fc7dd1a93b8d9fb4b139
  md5: 4d59c254e01d9cde7957100457e2d5fb
  license: OFL-1.1
  license_family: Other
  purls: []
  size: 700814
  timestamp: 1620479612257
- kind: conda
  name: font-ttf-ubuntu
  version: '0.83'
  build: h77eed37_2
  build_number: 2
  subdir: noarch
  noarch: generic
  url: https://conda.anaconda.org/conda-forge/noarch/font-ttf-ubuntu-0.83-h77eed37_2.conda
  sha256: c940f6e969143e13a3a9660abb3c7e7e23b8319efb29dbdd5dee0b9939236e13
  md5: cbbe59391138ea5ad3658c76912e147f
  license: LicenseRef-Ubuntu-Font-Licence-Version-1.0
  license_family: Other
  purls: []
  size: 1622566
  timestamp: 1714483134319
- kind: conda
  name: fontconfig
  version: 2.14.2
  build: hbde0cde_0
  subdir: win-64
  url: https://conda.anaconda.org/conda-forge/win-64/fontconfig-2.14.2-hbde0cde_0.conda
  sha256: 643f2b95be68abeb130c53d543dcd0c1244bebabd58c774a21b31e4b51ac3c96
  md5: 08767992f1a4f1336a257af1241034bd
  depends:
  - expat >=2.5.0,<3.0a0
  - freetype >=2.12.1,<3.0a0
  - libiconv >=1.17,<2.0a0
  - libzlib >=1.2.13,<2.0.0a0
  - ucrt >=10.0.20348.0
  - vc >=14.2,<15
  - vs2015_runtime >=14.29.30139
  license: MIT
  license_family: MIT
  purls: []
  size: 190111
  timestamp: 1674829354122
- kind: conda
  name: fonts-conda-ecosystem
  version: '1'
  build: '0'
  subdir: noarch
  noarch: generic
  url: https://conda.anaconda.org/conda-forge/noarch/fonts-conda-ecosystem-1-0.tar.bz2
  sha256: a997f2f1921bb9c9d76e6fa2f6b408b7fa549edd349a77639c9fe7a23ea93e61
  md5: fee5683a3f04bd15cbd8318b096a27ab
  depends:
  - fonts-conda-forge
  license: BSD-3-Clause
  license_family: BSD
  purls: []
  size: 3667
  timestamp: 1566974674465
- kind: conda
  name: fonts-conda-forge
  version: '1'
  build: '0'
  subdir: noarch
  noarch: generic
  url: https://conda.anaconda.org/conda-forge/noarch/fonts-conda-forge-1-0.tar.bz2
  sha256: 53f23a3319466053818540bcdf2091f253cbdbab1e0e9ae7b9e509dcaa2a5e38
  md5: f766549260d6815b0c52253f1fb1bb29
  depends:
  - font-ttf-dejavu-sans-mono
  - font-ttf-inconsolata
  - font-ttf-source-code-pro
  - font-ttf-ubuntu
  license: BSD-3-Clause
  license_family: BSD
  purls: []
  size: 4102
  timestamp: 1566932280397
- kind: conda
  name: freetype
  version: 2.12.1
  build: hdaf720e_2
  build_number: 2
  subdir: win-64
  url: https://conda.anaconda.org/conda-forge/win-64/freetype-2.12.1-hdaf720e_2.conda
  sha256: 2c53ee8879e05e149a9e525481d36adfd660a6abda26fd731376fa64ff03e728
  md5: 3761b23693f768dc75a8fd0a73ca053f
  depends:
  - libpng >=1.6.39,<1.7.0a0
  - libzlib >=1.2.13,<2.0.0a0
  - ucrt >=10.0.20348.0
  - vc >=14.2,<15
  - vc14_runtime >=14.29.30139
  license: GPL-2.0-only OR FTL
  purls: []
  size: 510306
  timestamp: 1694616398888
- kind: conda
  name: git
  version: 2.46.0
  build: h57928b3_0
  subdir: win-64
  url: https://conda.anaconda.org/conda-forge/win-64/git-2.46.0-h57928b3_0.conda
  sha256: 8fc8fe1322d89f8ce49acf77204525b12a65029aad94512c0b7aa21c957ffef3
  md5: 7e8d2ae27a5e6fa1619bf78af7d658b3
  license: GPL-2.0-or-later and LGPL-2.1-or-later
  purls: []
  size: 119362784
  timestamp: 1722441124123
- kind: conda
  name: glib
  version: 2.80.3
  build: h7025463_2
  build_number: 2
  subdir: win-64
  url: https://conda.anaconda.org/conda-forge/win-64/glib-2.80.3-h7025463_2.conda
  sha256: bcc56ad2ebbf2aeec0cfd090b647dd9aa03d4ccb8373cb9e20e14fd7b544a868
  md5: 4ebfa8926666cec3e35c5d36cadf1300
  depends:
  - glib-tools 2.80.3 h4394cf3_2
  - libffi >=3.4,<4.0a0
  - libglib 2.80.3 h7025463_2
  - libintl >=0.22.5,<1.0a0
  - libintl-devel
  - packaging
  - python *
  - ucrt >=10.0.20348.0
  - vc >=14.2,<15
  - vc14_runtime >=14.29.30139
  license: LGPL-2.1-or-later
  purls: []
  size: 572862
  timestamp: 1723209506632
- kind: conda
  name: glib-tools
  version: 2.80.3
  build: h4394cf3_2
  build_number: 2
  subdir: win-64
  url: https://conda.anaconda.org/conda-forge/win-64/glib-tools-2.80.3-h4394cf3_2.conda
  sha256: 286e485ad6236820e801aa0dc8d7bd7136c90117a56e253174abcd964d886344
  md5: 74d89cea4821e638dd76a533019f3c35
  depends:
  - libglib 2.80.3 h7025463_2
  - libintl >=0.22.5,<1.0a0
  - ucrt >=10.0.20348.0
  - vc >=14.2,<15
  - vc14_runtime >=14.29.30139
  license: LGPL-2.1-or-later
  purls: []
  size: 94871
  timestamp: 1723209457216
- kind: conda
  name: graphene
  version: '3.3'
  build: pyhd8ed1ab_0
  subdir: noarch
  noarch: python
  url: https://conda.anaconda.org/conda-forge/noarch/graphene-3.3-pyhd8ed1ab_0.conda
  sha256: 8b4e2c1d326849c0094f9e96a9833addb10f638be67bb0590836720879697ec6
  md5: ed2ae94977dfd96566e6eaf373216728
  depends:
  - aniso8601 >=8,<10
  - graphql-core >=3.1,<3.3
  - graphql-relay >=3.1,<3.3
  - python >=3.6
  license: MIT
  license_family: MIT
  purls:
  - pkg:pypi/graphene?source=hash-mapping
  size: 59365
  timestamp: 1690379708133
- kind: conda
  name: graphql-core
  version: 3.2.4
  build: pyhd8ed1ab_0
  subdir: noarch
  noarch: python
  url: https://conda.anaconda.org/conda-forge/noarch/graphql-core-3.2.4-pyhd8ed1ab_0.conda
  sha256: f32ef1216fe0bff8d6dd86e2a4093f18ee0a6309a2057ba2d26c190111fe40b0
  md5: b41168a94d22894d56bdc69efc032a2b
  depends:
  - python >=3.6
  - typing_extensions >=4,<5
  license: MIT
  license_family: MIT
  purls:
  - pkg:pypi/graphql-core?source=hash-mapping
  size: 359238
  timestamp: 1725549239884
- kind: conda
  name: graphql-relay
  version: 3.2.0
  build: pyhd8ed1ab_0
  subdir: noarch
  noarch: python
  url: https://conda.anaconda.org/conda-forge/noarch/graphql-relay-3.2.0-pyhd8ed1ab_0.tar.bz2
  sha256: 04f2a3383e74421441e46eaed4c32940682c1de82036fd1b6f18663d6d5447c4
  md5: 1b2b83e3528f8fb83007161eff51073d
  depends:
  - graphql-core >=3.2,<3.3
  - python >=3.6
  - typing_extensions >=4.1,<5
  license: MIT
  license_family: MIT
  purls:
  - pkg:pypi/graphql-relay?source=hash-mapping
  size: 27841
  timestamp: 1650134708620
- kind: conda
  name: gstreamer
  version: 1.24.7
  build: h5006eae_0
  subdir: win-64
  url: https://conda.anaconda.org/conda-forge/win-64/gstreamer-1.24.7-h5006eae_0.conda
  sha256: bd3ad109ef3e2e49da8710ff49378b3fa5da916aa2351d932d1b9018b7123512
  md5: 58e1df95fdab219039e39033302771e8
  depends:
  - glib >=2.80.3,<3.0a0
  - libglib >=2.80.3,<3.0a0
  - libiconv >=1.17,<2.0a0
  - libintl >=0.22.5,<1.0a0
  - ucrt >=10.0.20348.0
  - vc >=14.2,<15
  - vc14_runtime >=14.29.30139
  license: LGPL-2.0-or-later
  license_family: LGPL
  purls: []
  size: 2022487
  timestamp: 1725536894511
- kind: conda
  name: gtest
  version: 1.15.2
  build: hc790b64_0
  subdir: win-64
  url: https://conda.anaconda.org/conda-forge/win-64/gtest-1.15.2-hc790b64_0.conda
  sha256: d2f8f770ad40c1e5857fd79d2cfdb087d45f3e7fdc922a0c81bdd215c350a8ad
  md5: d3be2a4f511c28dc626bdb3c5dc297c6
  depends:
  - ucrt >=10.0.20348.0
  - vc >=14.2,<15
  - vc14_runtime >=14.29.30139
  constrains:
  - gmock 1.15.2
  license: BSD-3-Clause
  license_family: BSD
  purls: []
  size: 502351
  timestamp: 1722458363989
- kind: pypi
  name: gtk
  version: 4.16.2
  path: .
  sha256: 13471a7245a1280225972bce49451e6f7ee976387b0982c2035f08ef197fd7e6
  requires_dist:
  - meson~=1.0
  - jinja2>=3.1.4
  - markdown>=3.7
  - markupsafe>=2.1.5
  - packaging>=24.1
  - pygments>=2.18.0
  - typogrify>=2.0.7
  requires_python: '>=3.9'
  editable: true
- kind: conda
  name: icu
  version: '75.1'
  build: he0c23c2_0
  subdir: win-64
  url: https://conda.anaconda.org/conda-forge/win-64/icu-75.1-he0c23c2_0.conda
  sha256: 1d04369a1860a1e9e371b9fc82dd0092b616adcf057d6c88371856669280e920
  md5: 8579b6bb8d18be7c0b27fb08adeeeb40
  depends:
  - ucrt >=10.0.20348.0
  - vc >=14.2,<15
  - vc14_runtime >=14.29.30139
  license: MIT
  license_family: MIT
  purls: []
  size: 14544252
  timestamp: 1720853966338
- kind: pypi
  name: jinja2
  version: 3.1.4
  url: https://files.pythonhosted.org/packages/31/80/3a54838c3fb461f6fec263ebf3a3a41771bd05190238de3486aae8540c36/jinja2-3.1.4-py3-none-any.whl
  sha256: bc5dd2abb727a5319567b7a813e6a2e7318c39f4f487cfe6c89c6f9c7d25197d
  requires_dist:
  - markupsafe>=2.0
  - babel>=2.7 ; extra == 'i18n'
  requires_python: '>=3.7'
- kind: conda
  name: krb5
  version: 1.21.3
  build: hdf4eb48_0
  subdir: win-64
  url: https://conda.anaconda.org/conda-forge/win-64/krb5-1.21.3-hdf4eb48_0.conda
  sha256: 18e8b3430d7d232dad132f574268f56b3eb1a19431d6d5de8c53c29e6c18fa81
  md5: 31aec030344e962fbd7dbbbbd68e60a9
  depends:
  - openssl >=3.3.1,<4.0a0
  - ucrt >=10.0.20348.0
  - vc >=14.2,<15
  - vc14_runtime >=14.29.30139
  license: MIT
  license_family: MIT
  purls: []
  size: 712034
  timestamp: 1719463874284
- kind: conda
  name: libcurl
  version: 8.10.0
  build: h1ee3ff0_0
  subdir: win-64
  url: https://conda.anaconda.org/conda-forge/win-64/libcurl-8.10.0-h1ee3ff0_0.conda
  sha256: 2209a888bb1cdd82a359927efb6a949b8359d8e67edea2fcc29a32ce17214871
  md5: e5b4f3d5768b72716f05513d6fa02ba9
  depends:
  - krb5 >=1.21.3,<1.22.0a0
  - libssh2 >=1.11.0,<2.0a0
  - libzlib >=1.3.1,<2.0a0
  - ucrt >=10.0.20348.0
  - vc >=14.2,<15
  - vc14_runtime >=14.29.30139
  license: curl
  license_family: MIT
  purls: []
  size: 342210
  timestamp: 1726064608464
- kind: conda
  name: libexpat
  version: 2.6.3
  build: he0c23c2_0
  subdir: win-64
  url: https://conda.anaconda.org/conda-forge/win-64/libexpat-2.6.3-he0c23c2_0.conda
  sha256: 9543965d155b8da96fc67dd81705fe5c2571c7c00becc8de5534c850393d4e3c
  md5: 21415fbf4d0de6767a621160b43e5dea
  depends:
  - ucrt >=10.0.20348.0
  - vc >=14.2,<15
  - vc14_runtime >=14.29.30139
  constrains:
  - expat 2.6.3.*
  license: MIT
  license_family: MIT
  purls: []
  size: 138992
  timestamp: 1725569106114
- kind: conda
  name: libffi
  version: 3.4.2
  build: h8ffe710_5
  build_number: 5
  subdir: win-64
  url: https://conda.anaconda.org/conda-forge/win-64/libffi-3.4.2-h8ffe710_5.tar.bz2
  sha256: 1951ab740f80660e9bc07d2ed3aefb874d78c107264fd810f24a1a6211d4b1a5
  md5: 2c96d1b6915b408893f9472569dee135
  depends:
  - vc >=14.1,<15.0a0
  - vs2015_runtime >=14.16.27012
  license: MIT
  license_family: MIT
  purls: []
  size: 42063
  timestamp: 1636489106777
- kind: conda
  name: libglib
  version: 2.80.3
  build: h7025463_2
  build_number: 2
  subdir: win-64
  url: https://conda.anaconda.org/conda-forge/win-64/libglib-2.80.3-h7025463_2.conda
  sha256: 1461eb3b10814630acd1f3a11fc47dbb81c46a4f1f32ed389e3ae050a09c4903
  md5: b60894793e7e4a555027bfb4e4ed1d54
  depends:
  - libffi >=3.4,<4.0a0
  - libiconv >=1.17,<2.0a0
  - libintl >=0.22.5,<1.0a0
  - libzlib >=1.3.1,<2.0a0
  - pcre2 >=10.44,<10.45.0a0
  - ucrt >=10.0.20348.0
  - vc >=14.2,<15
  - vc14_runtime >=14.29.30139
  constrains:
  - glib 2.80.3 *_2
  license: LGPL-2.1-or-later
  purls: []
  size: 3726738
  timestamp: 1723209368854
- kind: conda
  name: libiconv
  version: '1.17'
  build: hcfcfb64_2
  build_number: 2
  subdir: win-64
  url: https://conda.anaconda.org/conda-forge/win-64/libiconv-1.17-hcfcfb64_2.conda
  sha256: 5f844dd19b046d43174ad80c6ea75b5d504020e3b63cfbc4ace97b8730d35c7b
  md5: e1eb10b1cca179f2baa3601e4efc8712
  depends:
  - ucrt >=10.0.20348.0
  - vc >=14.2,<15
  - vc14_runtime >=14.29.30139
  license: LGPL-2.1-only
  purls: []
  size: 636146
  timestamp: 1702682547199
- kind: conda
  name: libintl
  version: 0.22.5
  build: h5728263_3
  build_number: 3
  subdir: win-64
  url: https://conda.anaconda.org/conda-forge/win-64/libintl-0.22.5-h5728263_3.conda
  sha256: c7e4600f28bcada8ea81456a6530c2329312519efcf0c886030ada38976b0511
  md5: 2cf0cf76cc15d360dfa2f17fd6cf9772
  depends:
  - libiconv >=1.17,<2.0a0
  license: LGPL-2.1-or-later
  purls: []
  size: 95568
  timestamp: 1723629479451
- kind: conda
  name: libintl-devel
  version: 0.22.5
  build: h5728263_3
  build_number: 3
  subdir: win-64
  url: https://conda.anaconda.org/conda-forge/win-64/libintl-devel-0.22.5-h5728263_3.conda
  sha256: be1f3c48bc750bca7e68955d57180dfd826d6f9fa7eb32994f6cb61b813f9a6a
  md5: 7537784e9e35399234d4007f45cdb744
  depends:
  - libiconv >=1.17,<2.0a0
  - libintl 0.22.5 h5728263_3
  license: LGPL-2.1-or-later
  purls: []
  size: 40746
  timestamp: 1723629745649
- kind: conda
  name: libpng
  version: 1.6.44
  build: h3ca93ac_0
  subdir: win-64
  url: https://conda.anaconda.org/conda-forge/win-64/libpng-1.6.44-h3ca93ac_0.conda
  sha256: 0d3d6ff9225f6918ac225e3839c0d91e5af1da08a4ebf59cac1bfd86018db945
  md5: 639ac6b55a40aa5de7b8c1b4d78f9e81
  depends:
  - libzlib >=1.3.1,<2.0a0
  - ucrt >=10.0.20348.0
  - vc >=14.2,<15
  - vc14_runtime >=14.29.30139
  license: zlib-acknowledgement
  purls: []
  size: 348933
  timestamp: 1726235196095
- kind: conda
  name: libsqlite
  version: 3.46.1
  build: h2466b09_0
  subdir: win-64
  url: https://conda.anaconda.org/conda-forge/win-64/libsqlite-3.46.1-h2466b09_0.conda
  sha256: ef83f90961630bc54a95e48062b05cf9c9173a822ea01784288029613a45eea4
  md5: 8a7c1ad01f58623bfbae8d601db7cf3b
  depends:
  - ucrt >=10.0.20348.0
  - vc >=14.2,<15
  - vc14_runtime >=14.29.30139
  license: Unlicense
  purls: []
  size: 876666
  timestamp: 1725354171439
- kind: conda
  name: libssh2
  version: 1.11.0
  build: h7dfc565_0
  subdir: win-64
  url: https://conda.anaconda.org/conda-forge/win-64/libssh2-1.11.0-h7dfc565_0.conda
  sha256: 813fd04eed2a2d5d9c36e53c554f9c1f08e9324e2922bd60c9c52dbbed2dbcec
  md5: dc262d03aae04fe26825062879141a41
  depends:
  - libzlib >=1.2.13,<2.0.0a0
  - openssl >=3.1.1,<4.0a0
  - ucrt >=10.0.20348.0
  - vc >=14.2,<15
  - vc14_runtime >=14.29.30139
  license: BSD-3-Clause
  license_family: BSD
  purls: []
  size: 266806
  timestamp: 1685838242099
- kind: conda
  name: libuv
  version: 1.48.0
  build: hcfcfb64_0
  subdir: win-64
  url: https://conda.anaconda.org/conda-forge/win-64/libuv-1.48.0-hcfcfb64_0.conda
  sha256: 6151c51857c2407139ce22fdc956022353e675b2bc96991a9201d51cceaa90b4
  md5: 485e49e1d500d996844df14cabf64d73
  depends:
  - ucrt >=10.0.20348.0
  - vc >=14.2,<15
  - vc14_runtime >=14.29.30139
  license: MIT
  license_family: MIT
  purls: []
  size: 289753
  timestamp: 1709913743184
- kind: conda
  name: libzlib
  version: 1.3.1
  build: h2466b09_1
  build_number: 1
  subdir: win-64
  url: https://conda.anaconda.org/conda-forge/win-64/libzlib-1.3.1-h2466b09_1.conda
  sha256: b13846a54a15243e15f96fec06b526d8155adc6a1ac2b6ed47a88f6a71a94b68
  md5: d4483ca8afc57ddf1f6dded53b36c17f
  depends:
  - ucrt >=10.0.20348.0
  - vc >=14.2,<15
  - vc14_runtime >=14.29.30139
  constrains:
  - zlib 1.3.1 *_1
  license: Zlib
  license_family: Other
  purls: []
  size: 56186
  timestamp: 1716874730539
- kind: pypi
  name: markdown
  version: '3.7'
  url: https://files.pythonhosted.org/packages/3f/08/83871f3c50fc983b88547c196d11cf8c3340e37c32d2e9d6152abe2c61f7/Markdown-3.7-py3-none-any.whl
  sha256: 7eb6df5690b81a1d7942992c97fad2938e956e79df20cbc6186e9c3a77b1c803
  requires_dist:
  - importlib-metadata>=4.4 ; python_full_version < '3.10'
  - mkdocs>=1.5 ; extra == 'docs'
  - mkdocs-nature>=0.6 ; extra == 'docs'
  - mdx-gh-links>=0.2 ; extra == 'docs'
  - mkdocstrings[python] ; extra == 'docs'
  - mkdocs-gen-files ; extra == 'docs'
  - mkdocs-section-index ; extra == 'docs'
  - mkdocs-literate-nav ; extra == 'docs'
  - coverage ; extra == 'testing'
  - pyyaml ; extra == 'testing'
  requires_python: '>=3.8'
- kind: pypi
  name: markupsafe
  version: 2.1.5
  url: https://files.pythonhosted.org/packages/69/48/acbf292615c65f0604a0c6fc402ce6d8c991276e16c80c46a8f758fbd30c/MarkupSafe-2.1.5-cp310-cp310-win_amd64.whl
  sha256: bf50cd79a75d181c9181df03572cdce0fbb75cc353bc350712073108cba98de5
  requires_python: '>=3.7'
- kind: conda
  name: meson
  version: 1.5.1
  build: pyhd8ed1ab_1
  build_number: 1
  subdir: noarch
  noarch: python
  url: https://conda.anaconda.org/conda-forge/noarch/meson-1.5.1-pyhd8ed1ab_1.conda
  sha256: c7931432d4987face4c587956b6328126ee53056abccb5fdcb562cc3f60188d9
  md5: 979087ee59bea1355f991a3b738af64e
  depends:
  - ninja >=1.8.2
  - python >=3.7
  - setuptools
  license: Apache-2.0
  license_family: APACHE
  purls:
  - pkg:pypi/meson?source=hash-mapping
  size: 650726
  timestamp: 1722578284258
- kind: conda
  name: ninja
  version: 1.12.1
  build: hc790b64_0
  subdir: win-64
  url: https://conda.anaconda.org/conda-forge/win-64/ninja-1.12.1-hc790b64_0.conda
  sha256: b821cb72cb3ef08fab90a9bae899510e6cf3c23b5da6070d1ec30099dfe6a5be
  md5: a557dde55343e03c68cd7e29e7f87279
  depends:
  - ucrt >=10.0.20348.0
  - vc >=14.2,<15
  - vc14_runtime >=14.29.30139
  license: Apache-2.0
  license_family: Apache
  purls: []
  size: 285150
  timestamp: 1715441052517
- kind: conda
  name: openssl
  version: 3.3.2
  build: h2466b09_0
  subdir: win-64
  url: https://conda.anaconda.org/conda-forge/win-64/openssl-3.3.2-h2466b09_0.conda
  sha256: a45c42f3577294e22ac39ddb6ef5a64fd5322e8a6725afefbf4f2b4109340bf9
  md5: 1dc86753693df5e3326bb8a85b74c589
  depends:
  - ca-certificates
  - ucrt >=10.0.20348.0
  - vc >=14.2,<15
  - vc14_runtime >=14.29.30139
  license: Apache-2.0
  license_family: Apache
  purls: []
  size: 8396053
  timestamp: 1725412961673
- kind: conda
  name: packaging
  version: '24.1'
  build: pyhd8ed1ab_0
  subdir: noarch
  noarch: python
  url: https://conda.anaconda.org/conda-forge/noarch/packaging-24.1-pyhd8ed1ab_0.conda
  sha256: 36aca948219e2c9fdd6d80728bcc657519e02f06c2703d8db3446aec67f51d81
  md5: cbe1bb1f21567018ce595d9c2be0f0db
  depends:
  - python >=3.8
  license: Apache-2.0
  license_family: APACHE
  purls:
  - pkg:pypi/packaging?source=hash-mapping
  size: 50290
  timestamp: 1718189540074
- kind: conda
  name: pcre2
  version: '10.44'
  build: h3d7b363_2
  build_number: 2
  subdir: win-64
  url: https://conda.anaconda.org/conda-forge/win-64/pcre2-10.44-h3d7b363_2.conda
  sha256: f4a12cbf8a7c5bfa2592b9dc92b492c438781898e5b02f397979b0be6e1b5851
  md5: a3a3baddcfb8c80db84bec3cb7746fb8
  depends:
  - bzip2 >=1.0.8,<2.0a0
  - libzlib >=1.3.1,<2.0a0
  - ucrt >=10.0.20348.0
  - vc >=14.2,<15
  - vc14_runtime >=14.29.30139
  license: BSD-3-Clause
  license_family: BSD
  purls: []
  size: 820831
  timestamp: 1723489427046
- kind: conda
  name: pixman
  version: 0.43.4
  build: h63175ca_0
  subdir: win-64
  url: https://conda.anaconda.org/conda-forge/win-64/pixman-0.43.4-h63175ca_0.conda
  sha256: 51de4d7fb41597b06d60f1b82e269dafcb55e994e08fdcca8e4d6f7d42bedd07
  md5: b98135614135d5f458b75ab9ebb9558c
  depends:
  - ucrt >=10.0.20348.0
  - vc >=14.2,<15
  - vc14_runtime >=14.29.30139
  license: MIT
  license_family: MIT
  purls: []
  size: 461854
  timestamp: 1709239971654
- kind: conda
  name: pkgconf
  version: 2.3.0
  build: h2466b09_0
  subdir: win-64
  url: https://conda.anaconda.org/conda-forge/win-64/pkgconf-2.3.0-h2466b09_0.conda
  sha256: 3f16bdfc25e740fa356f4974b661933e21b0acda02bc78cd684d8694d4a20c36
  md5: 685e8f2c5d5edbcfa621e5e30a186d85
  depends:
  - ucrt >=10.0.20348.0
  - vc >=14.2,<15
  - vc14_runtime >=14.29.30139
  license: MIT
  license_family: MIT
  purls: []
  size: 70503
  timestamp: 1723043602605
- kind: pypi
  name: pygments
  version: 2.18.0
  url: https://files.pythonhosted.org/packages/f7/3f/01c8b82017c199075f8f788d0d906b9ffbbc5a47dc9918a945e13d5a2bda/pygments-2.18.0-py3-none-any.whl
  sha256: b8e6aca0523f3ab76fee51799c488e38782ac06eafcf95e7ba832985c8e7b13a
  requires_dist:
  - colorama>=0.4.6 ; extra == 'windows-terminal'
  requires_python: '>=3.8'
- kind: conda
  name: python
  version: 3.10.14
  build: h4de0772_0_cpython
  subdir: win-64
  url: https://conda.anaconda.org/conda-forge/win-64/python-3.10.14-h4de0772_0_cpython.conda
  sha256: 332f97d9927b65857d6d2d4d50d66dce9b37da81edb67833ae6b88ad52acbd0c
  md5: 4a00e84f29d1eb418d84970598c444e1
  depends:
  - bzip2 >=1.0.8,<2.0a0
  - libffi >=3.4,<4.0a0
  - libsqlite >=3.45.2,<4.0a0
  - libzlib >=1.2.13,<2.0.0a0
  - openssl >=3.2.1,<4.0a0
  - tk >=8.6.13,<8.7.0a0
  - tzdata
  - vc >=14.1,<15
  - vc14_runtime >=14.16.27033
  - xz >=5.2.6,<6.0a0
  constrains:
  - python_abi 3.10.* *_cp310
  license: Python-2.0
  purls: []
  size: 15864027
  timestamp: 1710938888352
- kind: conda
  name: python-dateutil
  version: 2.9.0
  build: pyhd8ed1ab_0
  subdir: noarch
  noarch: python
  url: https://conda.anaconda.org/conda-forge/noarch/python-dateutil-2.9.0-pyhd8ed1ab_0.conda
  sha256: f3ceef02ac164a8d3a080d0d32f8e2ebe10dd29e3a685d240e38b3599e146320
  md5: 2cf4264fffb9e6eff6031c5b6884d61c
  depends:
  - python >=3.7
  - six >=1.5
  license: Apache-2.0
  license_family: APACHE
  purls:
  - pkg:pypi/python-dateutil?source=hash-mapping
  size: 222742
  timestamp: 1709299922152
- kind: conda
  name: python_abi
  version: '3.10'
  build: 5_cp310
  build_number: 5
  subdir: win-64
  url: https://conda.anaconda.org/conda-forge/win-64/python_abi-3.10-5_cp310.conda
  sha256: 0671bea4d5c5b8618ee7e2b1117d5a90901348ac459db57b654007f1644fa087
  md5: 3c510f4c4383f5fbdb12fdd971b30d49
  constrains:
  - python 3.10.* *_cpython
  license: BSD-3-Clause
  license_family: BSD
  purls: []
  size: 6715
  timestamp: 1723823141288
- kind: conda
  name: setuptools
  version: 73.0.1
  build: pyhd8ed1ab_0
  subdir: noarch
  noarch: python
  url: https://conda.anaconda.org/conda-forge/noarch/setuptools-73.0.1-pyhd8ed1ab_0.conda
  sha256: c9f5e110e3fe5a7c4cd5b9da445c05a1fae000b43ab3a97cb6a501f4267515fc
  md5: f0b618d7673d1b2464f600b34d912f6f
  depends:
  - python >=3.8
  license: MIT
  license_family: MIT
  purls:
  - pkg:pypi/setuptools?source=compressed-mapping
  size: 1460460
  timestamp: 1725348602179
- kind: conda
  name: six
  version: 1.16.0
  build: pyh6c4a22f_0
  subdir: noarch
  noarch: python
  url: https://conda.anaconda.org/conda-forge/noarch/six-1.16.0-pyh6c4a22f_0.tar.bz2
  sha256: a85c38227b446f42c5b90d9b642f2c0567880c15d72492d8da074a59c8f91dd6
  md5: e5f25f8dbc060e9a8d912e432202afc2
  depends:
  - python
  license: MIT
  license_family: MIT
  purls:
  - pkg:pypi/six?source=hash-mapping
  size: 14259
  timestamp: 1620240338595
- kind: pypi
  name: smartypants
  version: 2.0.1
  url: https://files.pythonhosted.org/packages/da/ed/1da76d11aa858ee23dac5b52d9ac2db7df02b89f7679d5d8970bcd44b59c/smartypants-2.0.1-py2.py3-none-any.whl
  sha256: 8db97f7cbdf08d15b158a86037cd9e116b4cf37703d24e0419a0d64ca5808f0d
- kind: conda
  name: tk
  version: 8.6.13
  build: h5226925_1
  build_number: 1
  subdir: win-64
  url: https://conda.anaconda.org/conda-forge/win-64/tk-8.6.13-h5226925_1.conda
  sha256: 2c4e914f521ccb2718946645108c9bd3fc3216ba69aea20c2c3cedbd8db32bb1
  md5: fc048363eb8f03cd1737600a5d08aafe
  depends:
  - ucrt >=10.0.20348.0
  - vc >=14.2,<15
  - vc14_runtime >=14.29.30139
  license: TCL
  license_family: BSD
  purls: []
  size: 3503410
  timestamp: 1699202577803
- kind: conda
  name: typing_extensions
  version: 4.12.2
  build: pyha770c72_0
  subdir: noarch
  noarch: python
  url: https://conda.anaconda.org/conda-forge/noarch/typing_extensions-4.12.2-pyha770c72_0.conda
  sha256: 0fce54f8ec3e59f5ef3bb7641863be4e1bf1279623e5af3d3fa726e8f7628ddb
  md5: ebe6952715e1d5eb567eeebf25250fa7
  depends:
  - python >=3.8
  license: PSF-2.0
  license_family: PSF
  purls:
  - pkg:pypi/typing-extensions?source=hash-mapping
  size: 39888
  timestamp: 1717802653893
- kind: pypi
  name: typogrify
  version: 2.0.7
  url: https://files.pythonhosted.org/packages/8a/bf/64959d6187d42472acb846bcf462347c9124952c05bd57e5769d5f28f9a6/typogrify-2.0.7.tar.gz
  sha256: 8be4668cda434163ce229d87ca273a11922cb1614cb359970b7dc96eed13cb38
  requires_dist:
  - smartypants>=1.8.3
- kind: conda
  name: tzdata
  version: 2024a
  build: h8827d51_1
  build_number: 1
  subdir: noarch
  noarch: generic
  url: https://conda.anaconda.org/conda-forge/noarch/tzdata-2024a-h8827d51_1.conda
  sha256: 7d21c95f61319dba9209ca17d1935e6128af4235a67ee4e57a00908a1450081e
  md5: 8bfdead4e0fff0383ae4c9c50d0531bd
  license: LicenseRef-Public-Domain
  purls: []
  size: 124164
  timestamp: 1724736371498
- kind: conda
  name: ucrt
  version: 10.0.22621.0
  build: h57928b3_0
  subdir: win-64
  url: https://conda.anaconda.org/conda-forge/win-64/ucrt-10.0.22621.0-h57928b3_0.tar.bz2
  sha256: f29cdaf8712008f6b419b8b1a403923b00ab2504bfe0fb2ba8eb60e72d4f14c6
  md5: 72608f6cd3e5898229c3ea16deb1ac43
  constrains:
  - vs2015_runtime >=14.29.30037
  license: LicenseRef-Proprietary
  license_family: PROPRIETARY
  purls: []
  size: 1283972
  timestamp: 1666630199266
- kind: conda
  name: vc
  version: '14.3'
  build: h8a93ad2_21
  build_number: 21
  subdir: win-64
  url: https://conda.anaconda.org/conda-forge/win-64/vc-14.3-h8a93ad2_21.conda
  sha256: f14f5238c2e2516e292af43d91df88f212d769b4853eb46d03291793dcf00da9
  md5: e632a9b865d4b653aa656c9fb4f4817c
  depends:
  - vc14_runtime >=14.40.33810
  track_features:
  - vc14
  license: BSD-3-Clause
  license_family: BSD
  purls: []
  size: 17243
  timestamp: 1725984095174
- kind: conda
  name: vc14_runtime
  version: 14.40.33810
  build: ha82c5b3_21
  build_number: 21
  subdir: win-64
  url: https://conda.anaconda.org/conda-forge/win-64/vc14_runtime-14.40.33810-ha82c5b3_21.conda
  sha256: c3bf51bff7db39ad7e890dbef1b1026df0af36975aea24dea7c5fe1e0b382c40
  md5: b3ebb670caf046e32b835fbda056c4f9
  depends:
  - ucrt >=10.0.20348.0
  constrains:
  - vs2015_runtime 14.40.33810.* *_21
  license: LicenseRef-ProprietaryMicrosoft
  license_family: Proprietary
  purls: []
  size: 751757
  timestamp: 1725984166774
- kind: conda
  name: vcpkg
  version: 2023.04.15
  build: h57928b3_2
  build_number: 2
  subdir: win-64
  url: https://conda.anaconda.org/conda-forge/win-64/vcpkg-2023.04.15-h57928b3_2.conda
  sha256: bddb99551336b40d4e95b346053c53d9699ecddada9a273040066c8eb6837671
  md5: a95d1902a8b41e2fa153fc58c61b95cc
  depends:
  - python_abi 3.10.* *_cp310
  - vcpkg-tool
  license: MIT
  license_family: MIT
  purls: []
  size: 3349536
  timestamp: 1686299015577
- kind: conda
  name: vcpkg-tool
  version: 2023.03.14
  build: h91bfe4b_0
  subdir: win-64
  url: https://conda.anaconda.org/conda-forge/win-64/vcpkg-tool-2023.03.14-h91bfe4b_0.conda
  sha256: ee492d4d964411548be8ec92ef6d4382337ae2a2d26555f521fabada7aba15fd
  md5: 2d8618b739817a31d6001ccce7f51e6e
  depends:
  - 7zip
  - cmake
  - curl
  - git
  - ninja
  - ucrt >=10.0.20348.0
  - vc >=14.3,<15
  - vs2015_runtime >=14.34.31931
  constrains:
  - vcpkg >2020.11
  license: MIT
  license_family: MIT
  purls: []
  size: 2209499
  timestamp: 1679381312888
- kind: conda
  name: vs2015_runtime
  version: 14.40.33810
  build: h3bf8584_21
  build_number: 21
  subdir: win-64
  url: https://conda.anaconda.org/conda-forge/win-64/vs2015_runtime-14.40.33810-h3bf8584_21.conda
  sha256: 472410455c381e406ec8c1d3e0342b48ee23122ef7ffb22a09d9763ca5df4d20
  md5: b3f37db7b7ae1c22600fa26a63ed99b3
  depends:
  - vc14_runtime >=14.40.33810
  license: BSD-3-Clause
  license_family: BSD
  purls: []
  size: 17241
  timestamp: 1725984096440
- kind: conda
  name: xz
  version: 5.2.6
  build: h8d14728_0
  subdir: win-64
  url: https://conda.anaconda.org/conda-forge/win-64/xz-5.2.6-h8d14728_0.tar.bz2
  sha256: 54d9778f75a02723784dc63aff4126ff6e6749ba21d11a6d03c1f4775f269fe0
  md5: 515d77642eaa3639413c6b1bc3f94219
  depends:
  - vc >=14.1,<15
  - vs2015_runtime >=14.16.27033
  license: LGPL-2.1 and GPL-2.0
  purls: []
  size: 217804
  timestamp: 1660346976440
- kind: conda
  name: zlib
  version: 1.3.1
  build: h2466b09_1
  build_number: 1
  subdir: win-64
  url: https://conda.anaconda.org/conda-forge/win-64/zlib-1.3.1-h2466b09_1.conda
  sha256: 76409556e6c7cb91991cd94d7fc853c9272c2872bd7e3573ff35eb33d6fca5be
  md5: f8e0a35bf6df768ad87ed7bbbc36ab04
  depends:
  - libzlib 1.3.1 h2466b09_1
  - ucrt >=10.0.20348.0
  - vc >=14.2,<15
  - vc14_runtime >=14.29.30139
  license: Zlib
  license_family: Other
  purls: []
  size: 108081
  timestamp: 1716874767420
- kind: conda
  name: zstd
  version: 1.5.6
  build: h0ea2cb4_0
  subdir: win-64
  url: https://conda.anaconda.org/conda-forge/win-64/zstd-1.5.6-h0ea2cb4_0.conda
  sha256: 768e30dc513568491818fb068ee867c57c514b553915536da09e5d10b4ebf3c3
  md5: 9a17230f95733c04dc40a2b1e5491d74
  depends:
  - libzlib >=1.2.13,<2.0.0a0
  - ucrt >=10.0.20348.0
  - vc >=14.2,<15
  - vc14_runtime >=14.29.30139
  license: BSD-3-Clause
  license_family: BSD
  purls: []
  size: 349143
  timestamp: 1714723445995
